
Microsoft Visual Studio Solution File, Format Version 12.00
# Visual Studio Version 17
VisualStudioVersion = 17.4.33122.133
MinimumVisualStudioVersion = 10.0.40219.1
Project("{8BC9CEB8-8B4A-11D0-8D11-00A0C91BC942}") = "OblivionRAT", "OblivionRAT\OblivionRAT.vcxproj", "{814B96F9-751E-4833-A43E-3F3AA3B31715}"
EndProject
Global
	GlobalSection(SolutionConfigurationPlatforms) = preSolution
		Debug|x64 = Debug|x64
		Debug|x86 = Debug|x86
		Release|x64 = Release|x64
		Release|x86 = Release|x86
	EndGlobalSection
	GlobalSection(ProjectConfigurationPlatforms) = postSolution
		{814B96F9-751E-4833-A43E-3F3AA3B31715}.Debug|x64.ActiveCfg = Debug|x64
		{814B96F9-751E-4833-A43E-3F3AA3B31715}.Debug|x64.Build.0 = Debug|x64
		{814B96F9-751E-4833-A43E-3F3AA3B31715}.Debug|x86.ActiveCfg = Debug|Win32
		{814B96F9-751E-4833-A43E-3F3AA3B31715}.Debug|x86.Build.0 = Debug|Win32
		{814B96F9-751E-4833-A43E-3F3AA3B31715}.Release|x64.ActiveCfg = Release|x64
		{814B96F9-751E-4833-A43E-3F3AA3B31715}.Release|x64.Build.0 = Release|x64
		{814B96F9-751E-4833-A43E-3F3AA3B31715}.Release|x86.ActiveCfg = Release|Win32
		{814B96F9-751E-4833-A43E-3F3AA3B31715}.Release|x86.Build.0 = Release|Win32
	EndGlobalSection
	GlobalSection(SolutionProperties) = preSolution
		HideSolutionNode = FALSE
	EndGlobalSection
	GlobalSection(ExtensibilityGlobals) = postSolution
		SolutionGuid = {26722D32-9185-43C1-9D1F-21E05BD8B95B}
	EndGlobalSection
EndGlobal
